
Microsoft Visual Studio Solution File, Format Version 12.00
# Visual Studio 14
VisualStudioVersion = 14.0.24720.0
MinimumVisualStudioVersion = 10.0.40219.1
Project("{FAE04EC0-301F-11D3-BF4B-00C04F79EFBC}") = "MyDBOffset", "MyDBOffset\MyDBOffset.csproj", "{9838A950-DF3D-494C-A681-ECDFD97BF213}"
EndProject
Project("{FAE04EC0-301F-11D3-BF4B-00C04F79EFBC}") = "DAO", "DAO\DAO.csproj", "{F5DF115B-212B-4BF1-96C9-224820A1CA1E}"
EndProject
Global
	GlobalSection(SolutionConfigurationPlatforms) = preSolution
		Debug|Any CPU = Debug|Any CPU
		Release|Any CPU = Release|Any CPU
	EndGlobalSection
	GlobalSection(ProjectConfigurationPlatforms) = postSolution
		{9838A950-DF3D-494C-A681-ECDFD97BF213}.Debug|Any CPU.ActiveCfg = Debug|Any CPU
		{9838A950-DF3D-494C-A681-ECDFD97BF213}.Debug|Any CPU.Build.0 = Debug|Any CPU
		{9838A950-DF3D-494C-A681-ECDFD97BF213}.Release|Any CPU.ActiveCfg = Release|Any CPU
		{9838A950-DF3D-494C-A681-ECDFD97BF213}.Release|Any CPU.Build.0 = Release|Any CPU
		{F5DF115B-212B-4BF1-96C9-224820A1CA1E}.Debug|Any CPU.ActiveCfg = Debug|Any CPU
		{F5DF115B-212B-4BF1-96C9-224820A1CA1E}.Debug|Any CPU.Build.0 = Debug|Any CPU
		{F5DF115B-212B-4BF1-96C9-224820A1CA1E}.Release|Any CPU.ActiveCfg = Release|Any CPU
		{F5DF115B-212B-4BF1-96C9-224820A1CA1E}.Release|Any CPU.Build.0 = Release|Any CPU
	EndGlobalSection
	GlobalSection(SolutionProperties) = preSolution
		HideSolutionNode = FALSE
	EndGlobalSection
EndGlobal
